
Microsoft Visual Studio Solution File, Format Version 12.00
# Visual Studio Version 16
VisualStudioVersion = 16.0.32602.291
MinimumVisualStudioVersion = 10.0.40219.1
Project("{FAE04EC0-301F-11D3-BF4B-00C04F79EFBC}") = "Car.Entities", "Car.Entities\Car.Entities.csproj", "{AB63D3D8-2AB6-42F0-B4CA-4E8A753B97CF}"
EndProject
Project("{FAE04EC0-301F-11D3-BF4B-00C04F79EFBC}") = "Car.Core", "Car.Core\Car.Core.csproj", "{5DB72C21-DADE-44C8-B419-49E8D094E128}"
EndProject
Project("{FAE04EC0-301F-11D3-BF4B-00C04F79EFBC}") = "Car.DataAccess", "Car.DataAccess\Car.DataAccess.csproj", "{B9369E1C-2F17-41D5-A9D6-279832F082EE}"
EndProject
Project("{FAE04EC0-301F-11D3-BF4B-00C04F79EFBC}") = "Car.Business", "Car.Business\Car.Business.csproj", "{D091CC44-A4DE-4231-9EE8-71AB26DB3CA7}"
EndProject
Project("{FAE04EC0-301F-11D3-BF4B-00C04F79EFBC}") = "Car.WebUI", "Car.WebUI\Car.WebUI.csproj", "{247626C6-677D-4D1F-BBEA-B038D85D88A0}"
EndProject
Global
	GlobalSection(SolutionConfigurationPlatforms) = preSolution
		Debug|Any CPU = Debug|Any CPU
		Release|Any CPU = Release|Any CPU
	EndGlobalSection
	GlobalSection(ProjectConfigurationPlatforms) = postSolution
		{AB63D3D8-2AB6-42F0-B4CA-4E8A753B97CF}.Debug|Any CPU.ActiveCfg = Debug|Any CPU
		{AB63D3D8-2AB6-42F0-B4CA-4E8A753B97CF}.Debug|Any CPU.Build.0 = Debug|Any CPU
		{AB63D3D8-2AB6-42F0-B4CA-4E8A753B97CF}.Release|Any CPU.ActiveCfg = Release|Any CPU
		{AB63D3D8-2AB6-42F0-B4CA-4E8A753B97CF}.Release|Any CPU.Build.0 = Release|Any CPU
		{5DB72C21-DADE-44C8-B419-49E8D094E128}.Debug|Any CPU.ActiveCfg = Debug|Any CPU
		{5DB72C21-DADE-44C8-B419-49E8D094E128}.Debug|Any CPU.Build.0 = Debug|Any CPU
		{5DB72C21-DADE-44C8-B419-49E8D094E128}.Release|Any CPU.ActiveCfg = Release|Any CPU
		{5DB72C21-DADE-44C8-B419-49E8D094E128}.Release|Any CPU.Build.0 = Release|Any CPU
		{B9369E1C-2F17-41D5-A9D6-279832F082EE}.Debug|Any CPU.ActiveCfg = Debug|Any CPU
		{B9369E1C-2F17-41D5-A9D6-279832F082EE}.Debug|Any CPU.Build.0 = Debug|Any CPU
		{B9369E1C-2F17-41D5-A9D6-279832F082EE}.Release|Any CPU.ActiveCfg = Release|Any CPU
		{B9369E1C-2F17-41D5-A9D6-279832F082EE}.Release|Any CPU.Build.0 = Release|Any CPU
		{D091CC44-A4DE-4231-9EE8-71AB26DB3CA7}.Debug|Any CPU.ActiveCfg = Debug|Any CPU
		{D091CC44-A4DE-4231-9EE8-71AB26DB3CA7}.Debug|Any CPU.Build.0 = Debug|Any CPU
		{D091CC44-A4DE-4231-9EE8-71AB26DB3CA7}.Release|Any CPU.ActiveCfg = Release|Any CPU
		{D091CC44-A4DE-4231-9EE8-71AB26DB3CA7}.Release|Any CPU.Build.0 = Release|Any CPU
		{247626C6-677D-4D1F-BBEA-B038D85D88A0}.Debug|Any CPU.ActiveCfg = Debug|Any CPU
		{247626C6-677D-4D1F-BBEA-B038D85D88A0}.Debug|Any CPU.Build.0 = Debug|Any CPU
		{247626C6-677D-4D1F-BBEA-B038D85D88A0}.Release|Any CPU.ActiveCfg = Release|Any CPU
		{247626C6-677D-4D1F-BBEA-B038D85D88A0}.Release|Any CPU.Build.0 = Release|Any CPU
	EndGlobalSection
	GlobalSection(SolutionProperties) = preSolution
		HideSolutionNode = FALSE
	EndGlobalSection
	GlobalSection(ExtensibilityGlobals) = postSolution
		SolutionGuid = {8A6DC3DA-66FF-4C2D-84C8-996F8CE3D44C}
	EndGlobalSection
EndGlobal
